<Solution>
  <Folder Name="/Core/">
    <Project Path="Core/ModMenu/ModMenu.csproj" />
  </Folder>
  <Folder Name="/Mods/">
    <Project Path="Mods/Ammo/Ammo.csproj" />
    <Project Path="Mods/BodyType/BodyType.csproj" />
    <Project Path="Mods/DynamiteGun/DynamiteGun.csproj" />
    <Project Path="Mods/FlyingHorse/FlyingHorse.csproj" />
    <Project Path="Mods/Needs/Needs.csproj" />
    <Project Path="Mods/SuperSpeed/SuperSpeed.csproj" />
  </Folder>
  <Folder Name="/Solution Items/">
    <File Path="Directory.Build.props" />
    <File Path="Directory.Build.targets" />
    <File Path="mods.ps1" />
    <File Path="README.md" />
  </Folder>
</Solution>
