<Solution>
  <Folder Name="/Core/">
    <Project Path="Core/ModMenu/ModMenu.csproj" />
  </Folder>
  <Folder Name="/Mods/">
    <Project Path="Mods/Player/Player.csproj" />
    <Project Path="Mods/Weapons/Weapons.csproj" />
    <Project Path="Mods/Horse/Horse.csproj" />
    <Project Path="Mods/Crime/Crime.csproj" />
    <Project Path="Mods/Speech/Speech.csproj" />
    <Project Path="Mods/Debug/Debug.csproj" />
  </Folder>
  <Folder Name="/Solution Items/">
    <File Path="Directory.Build.props" />
    <File Path="Directory.Build.targets" />
    <File Path="mods.ps1" />
    <File Path="README.md" />
  </Folder>
</Solution>
